
Microsoft Visual Studio Solution File, Format Version 12.00
# Visual Studio Version 17
VisualStudioVersion = 17.12.35707.178
MinimumVisualStudioVersion = 10.0.40219.1
Project("{2150E333-8FDC-42A3-9474-1A3956D46DE8}") = "Core", "Core", "{95DCBCD8-2694-4315-B797-C059C9973E1A}"
EndProject
Project("{2150E333-8FDC-42A3-9474-1A3956D46DE8}") = "External", "External", "{F97C95FE-2F50-4756-A191-140A3E78CABF}"
EndProject
Project("{9A19103F-16F7-4668-BE54-9A1E7A4F7556}") = "Fintrack.Domain", "Fintrack.Domain\Fintrack.Domain.csproj", "{F507AD84-7E17-474E-9A31-20AA29D2BD32}"
EndProject
Project("{9A19103F-16F7-4668-BE54-9A1E7A4F7556}") = "Fintrack.Services.Abstractions", "Fintrack.Services.Abstractions\Fintrack.Services.Abstractions.csproj", "{66A9F177-6B2B-4954-863F-26A947F9C3E1}"
EndProject
Project("{9A19103F-16F7-4668-BE54-9A1E7A4F7556}") = "Fintrack.Services", "Fintrack.Services\Fintrack.Services.csproj", "{459F73A2-0D48-42AE-889D-7E88E9E25580}"
EndProject
Project("{9A19103F-16F7-4668-BE54-9A1E7A4F7556}") = "Fintrack.Shared", "Fintrack.Shared\Fintrack.Shared.csproj", "{3581C067-DF40-4F74-A4C3-F15073BE8B4B}"
EndProject
Project("{9A19103F-16F7-4668-BE54-9A1E7A4F7556}") = "Fintrack.Infrastructure", "Fintrack.Infrastructure\Fintrack.Infrastructure.csproj", "{56AF33FC-A8F3-4E2E-9A54-29E7B52D5E33}"
EndProject
Project("{9A19103F-16F7-4668-BE54-9A1E7A4F7556}") = "Fintrack.Tests", "Fintrack.Tests\Fintrack.Tests.csproj", "{DED0756E-2FCE-4D05-AFB2-5E537005090A}"
EndProject
Project("{9A19103F-16F7-4668-BE54-9A1E7A4F7556}") = "Fintrack.WebAPI", "Fintrack.WebAPI\Fintrack.WebAPI.csproj", "{902516EE-6186-4E85-AAC8-51F9C45335CB}"
EndProject
Project("{9A19103F-16F7-4668-BE54-9A1E7A4F7556}") = "Fintrack.Frontend", "Fintrack.Frontend\Fintrack.Frontend.csproj", "{45A179BD-5D09-4276-96B5-06423CA5857F}"
EndProject
Project("{FAE04EC0-301F-11D3-BF4B-00C04F79EFBC}") = "Fintrack.ExternalClients.Abstractions", "Fintrack.ExternalClients.Abstractions\Fintrack.ExternalClients.Abstractions.csproj", "{E4596A4F-0AE5-467B-AD81-E491B6693DC7}"
EndProject
Global
	GlobalSection(SolutionConfigurationPlatforms) = preSolution
		Debug|Any CPU = Debug|Any CPU
		Release|Any CPU = Release|Any CPU
	EndGlobalSection
	GlobalSection(ProjectConfigurationPlatforms) = postSolution
		{F507AD84-7E17-474E-9A31-20AA29D2BD32}.Debug|Any CPU.ActiveCfg = Debug|Any CPU
		{F507AD84-7E17-474E-9A31-20AA29D2BD32}.Debug|Any CPU.Build.0 = Debug|Any CPU
		{F507AD84-7E17-474E-9A31-20AA29D2BD32}.Release|Any CPU.ActiveCfg = Release|Any CPU
		{F507AD84-7E17-474E-9A31-20AA29D2BD32}.Release|Any CPU.Build.0 = Release|Any CPU
		{66A9F177-6B2B-4954-863F-26A947F9C3E1}.Debug|Any CPU.ActiveCfg = Debug|Any CPU
		{66A9F177-6B2B-4954-863F-26A947F9C3E1}.Debug|Any CPU.Build.0 = Debug|Any CPU
		{66A9F177-6B2B-4954-863F-26A947F9C3E1}.Release|Any CPU.ActiveCfg = Release|Any CPU
		{66A9F177-6B2B-4954-863F-26A947F9C3E1}.Release|Any CPU.Build.0 = Release|Any CPU
		{459F73A2-0D48-42AE-889D-7E88E9E25580}.Debug|Any CPU.ActiveCfg = Debug|Any CPU
		{459F73A2-0D48-42AE-889D-7E88E9E25580}.Debug|Any CPU.Build.0 = Debug|Any CPU
		{459F73A2-0D48-42AE-889D-7E88E9E25580}.Release|Any CPU.ActiveCfg = Release|Any CPU
		{459F73A2-0D48-42AE-889D-7E88E9E25580}.Release|Any CPU.Build.0 = Release|Any CPU
		{3581C067-DF40-4F74-A4C3-F15073BE8B4B}.Debug|Any CPU.ActiveCfg = Debug|Any CPU
		{3581C067-DF40-4F74-A4C3-F15073BE8B4B}.Debug|Any CPU.Build.0 = Debug|Any CPU
		{3581C067-DF40-4F74-A4C3-F15073BE8B4B}.Release|Any CPU.ActiveCfg = Release|Any CPU
		{3581C067-DF40-4F74-A4C3-F15073BE8B4B}.Release|Any CPU.Build.0 = Release|Any CPU
		{56AF33FC-A8F3-4E2E-9A54-29E7B52D5E33}.Debug|Any CPU.ActiveCfg = Debug|Any CPU
		{56AF33FC-A8F3-4E2E-9A54-29E7B52D5E33}.Debug|Any CPU.Build.0 = Debug|Any CPU
		{56AF33FC-A8F3-4E2E-9A54-29E7B52D5E33}.Release|Any CPU.ActiveCfg = Release|Any CPU
		{56AF33FC-A8F3-4E2E-9A54-29E7B52D5E33}.Release|Any CPU.Build.0 = Release|Any CPU
		{DED0756E-2FCE-4D05-AFB2-5E537005090A}.Debug|Any CPU.ActiveCfg = Debug|Any CPU
		{DED0756E-2FCE-4D05-AFB2-5E537005090A}.Debug|Any CPU.Build.0 = Debug|Any CPU
		{DED0756E-2FCE-4D05-AFB2-5E537005090A}.Release|Any CPU.ActiveCfg = Release|Any CPU
		{DED0756E-2FCE-4D05-AFB2-5E537005090A}.Release|Any CPU.Build.0 = Release|Any CPU
		{902516EE-6186-4E85-AAC8-51F9C45335CB}.Debug|Any CPU.ActiveCfg = Debug|Any CPU
		{902516EE-6186-4E85-AAC8-51F9C45335CB}.Debug|Any CPU.Build.0 = Debug|Any CPU
		{902516EE-6186-4E85-AAC8-51F9C45335CB}.Release|Any CPU.ActiveCfg = Release|Any CPU
		{902516EE-6186-4E85-AAC8-51F9C45335CB}.Release|Any CPU.Build.0 = Release|Any CPU
		{45A179BD-5D09-4276-96B5-06423CA5857F}.Debug|Any CPU.ActiveCfg = Debug|Any CPU
		{45A179BD-5D09-4276-96B5-06423CA5857F}.Debug|Any CPU.Build.0 = Debug|Any CPU
		{45A179BD-5D09-4276-96B5-06423CA5857F}.Release|Any CPU.ActiveCfg = Release|Any CPU
		{45A179BD-5D09-4276-96B5-06423CA5857F}.Release|Any CPU.Build.0 = Release|Any CPU
		{E4596A4F-0AE5-467B-AD81-E491B6693DC7}.Debug|Any CPU.ActiveCfg = Debug|Any CPU
		{E4596A4F-0AE5-467B-AD81-E491B6693DC7}.Debug|Any CPU.Build.0 = Debug|Any CPU
		{E4596A4F-0AE5-467B-AD81-E491B6693DC7}.Release|Any CPU.ActiveCfg = Release|Any CPU
		{E4596A4F-0AE5-467B-AD81-E491B6693DC7}.Release|Any CPU.Build.0 = Release|Any CPU
	EndGlobalSection
	GlobalSection(SolutionProperties) = preSolution
		HideSolutionNode = FALSE
	EndGlobalSection
	GlobalSection(NestedProjects) = preSolution
		{F507AD84-7E17-474E-9A31-20AA29D2BD32} = {95DCBCD8-2694-4315-B797-C059C9973E1A}
		{66A9F177-6B2B-4954-863F-26A947F9C3E1} = {95DCBCD8-2694-4315-B797-C059C9973E1A}
		{459F73A2-0D48-42AE-889D-7E88E9E25580} = {95DCBCD8-2694-4315-B797-C059C9973E1A}
		{3581C067-DF40-4F74-A4C3-F15073BE8B4B} = {F97C95FE-2F50-4756-A191-140A3E78CABF}
		{56AF33FC-A8F3-4E2E-9A54-29E7B52D5E33} = {F97C95FE-2F50-4756-A191-140A3E78CABF}
		{902516EE-6186-4E85-AAC8-51F9C45335CB} = {F97C95FE-2F50-4756-A191-140A3E78CABF}
		{E4596A4F-0AE5-467B-AD81-E491B6693DC7} = {95DCBCD8-2694-4315-B797-C059C9973E1A}
	EndGlobalSection
	GlobalSection(ExtensibilityGlobals) = postSolution
		SolutionGuid = {5D2CC977-E5CB-43F4-A694-CC88E2255915}
	EndGlobalSection
EndGlobal
